
Microsoft Visual Studio Solution File, Format Version 12.00
Project("{2150E333-8FDC-42A3-9474-1A3956D46DE8}") = "Data", "Data", "{92077BFA-922A-40B3-A530-30F37B090537}"
EndProject
Project("{2150E333-8FDC-42A3-9474-1A3956D46DE8}") = "Services", "Services", "{80B69E58-B0A8-48CF-BF2C-FDB9F7561467}"
EndProject
Project("{2150E333-8FDC-42A3-9474-1A3956D46DE8}") = "Lib", "Lib", "{0A119648-FF60-4C35-9369-B256985AA9AE}"
EndProject
Project("{2150E333-8FDC-42A3-9474-1A3956D46DE8}") = "App", "App", "{BA60B733-D2EC-40A5-BB94-DAAA07BBE921}"
EndProject
Project("{2150E333-8FDC-42A3-9474-1A3956D46DE8}") = "Model", "Model", "{6D035FB7-C02E-4E2F-855D-0C35D58D0E94}"
EndProject
Project("{FAE04EC0-301F-11D3-BF4B-00C04F79EFBC}") = "Haihv.DatDai.Api", "App\Haihv.DatDai.Api\Haihv.DatDai.Api.csproj", "{F4E65886-2261-4220-82A4-2517DA3FFC34}"
EndProject
Project("{FAE04EC0-301F-11D3-BF4B-00C04F79EFBC}") = "Haihv.DatDai.IdentityApi", "App\Haihv.DatDai.IdentityApi\Haihv.DatDai.IdentityApi.csproj", "{4171E6F4-5E09-4C2C-876C-55A6816495B5}"
EndProject
Project("{FAE04EC0-301F-11D3-BF4B-00C04F79EFBC}") = "Haihv.DatDai.Services.Initialion", "App\Haihv.DatDai.Initialion\Haihv.DatDai.Services.Initialion.csproj", "{5A5D46A3-B777-40C7-BB1E-637B12ABDEA9}"
EndProject
Project("{FAE04EC0-301F-11D3-BF4B-00C04F79EFBC}") = "Haihv.DatDai.Lib.Data.Base", "Lib\Haihv.DatDai.Data\Haihv.DatDai.Lib.Data.Base\Haihv.DatDai.Lib.Data.Base.csproj", "{81765731-0193-4D4B-8B2B-BF8D0E99205F}"
EndProject
Project("{FAE04EC0-301F-11D3-BF4B-00C04F79EFBC}") = "Haihv.DatDai.Lib.Data.DanhMuc", "Lib\Haihv.DatDai.Data\Haihv.DatDai.Lib.Data.DanhMuc\Haihv.DatDai.Lib.Data.DanhMuc.csproj", "{036D6593-4E2F-481B-8D31-54E34F9AAB55}"
EndProject
Project("{FAE04EC0-301F-11D3-BF4B-00C04F79EFBC}") = "Haihv.DatDai.Lib.Data.DiaChinh", "Lib\Haihv.DatDai.Data\Haihv.DatDai.Lib.Data.DiaChinh\Haihv.DatDai.Lib.Data.DiaChinh.csproj", "{358F8F0E-D57E-4670-BBA5-687737730E7F}"
EndProject
Project("{FAE04EC0-301F-11D3-BF4B-00C04F79EFBC}") = "Haihv.DatDai.Service.DvhcUpdate", "Lib\Haihv.DatDai.Service\Haihv.DatDai.Service.DvhcUpdate\Haihv.DatDai.Service.DvhcUpdate.csproj", "{F14FA647-BD96-41F8-903A-5A81AC85378C}"
EndProject
Project("{FAE04EC0-301F-11D3-BF4B-00C04F79EFBC}") = "Haihv.DatDai.Lib.Service.GoogleTranslate", "Lib\Haihv.DatDai.Service\Haihv.DatDai.Lib.Service.GoogleTranslate\Haihv.DatDai.Lib.Service.GoogleTranslate.csproj", "{4723D9AB-FF05-4EB0-9E5F-FF8A9561D513}"
EndProject
Project("{FAE04EC0-301F-11D3-BF4B-00C04F79EFBC}") = "Haihv.DatDai.Lib.Service.QuocTichUpdate", "Lib\Haihv.DatDai.Service\Haihv.DatDai.Lib.Service.QuocTichUpdate\Haihv.DatDai.Lib.Service.QuocTichUpdate.csproj", "{4D08F91F-7DDD-4874-8ED6-448A7862A9EA}"
EndProject
Global
	GlobalSection(SolutionConfigurationPlatforms) = preSolution
		Debug|Any CPU = Debug|Any CPU
		Release|Any CPU = Release|Any CPU
	EndGlobalSection
	GlobalSection(ProjectConfigurationPlatforms) = postSolution
		{F4E65886-2261-4220-82A4-2517DA3FFC34}.Debug|Any CPU.ActiveCfg = Debug|Any CPU
		{F4E65886-2261-4220-82A4-2517DA3FFC34}.Debug|Any CPU.Build.0 = Debug|Any CPU
		{F4E65886-2261-4220-82A4-2517DA3FFC34}.Release|Any CPU.ActiveCfg = Release|Any CPU
		{F4E65886-2261-4220-82A4-2517DA3FFC34}.Release|Any CPU.Build.0 = Release|Any CPU
		{4171E6F4-5E09-4C2C-876C-55A6816495B5}.Debug|Any CPU.ActiveCfg = Debug|Any CPU
		{4171E6F4-5E09-4C2C-876C-55A6816495B5}.Debug|Any CPU.Build.0 = Debug|Any CPU
		{4171E6F4-5E09-4C2C-876C-55A6816495B5}.Release|Any CPU.ActiveCfg = Release|Any CPU
		{4171E6F4-5E09-4C2C-876C-55A6816495B5}.Release|Any CPU.Build.0 = Release|Any CPU
		{5A5D46A3-B777-40C7-BB1E-637B12ABDEA9}.Debug|Any CPU.ActiveCfg = Debug|Any CPU
		{5A5D46A3-B777-40C7-BB1E-637B12ABDEA9}.Debug|Any CPU.Build.0 = Debug|Any CPU
		{5A5D46A3-B777-40C7-BB1E-637B12ABDEA9}.Release|Any CPU.ActiveCfg = Release|Any CPU
		{5A5D46A3-B777-40C7-BB1E-637B12ABDEA9}.Release|Any CPU.Build.0 = Release|Any CPU
		{81765731-0193-4D4B-8B2B-BF8D0E99205F}.Debug|Any CPU.ActiveCfg = Debug|Any CPU
		{81765731-0193-4D4B-8B2B-BF8D0E99205F}.Debug|Any CPU.Build.0 = Debug|Any CPU
		{81765731-0193-4D4B-8B2B-BF8D0E99205F}.Release|Any CPU.ActiveCfg = Release|Any CPU
		{81765731-0193-4D4B-8B2B-BF8D0E99205F}.Release|Any CPU.Build.0 = Release|Any CPU
		{036D6593-4E2F-481B-8D31-54E34F9AAB55}.Debug|Any CPU.ActiveCfg = Debug|Any CPU
		{036D6593-4E2F-481B-8D31-54E34F9AAB55}.Debug|Any CPU.Build.0 = Debug|Any CPU
		{036D6593-4E2F-481B-8D31-54E34F9AAB55}.Release|Any CPU.ActiveCfg = Release|Any CPU
		{036D6593-4E2F-481B-8D31-54E34F9AAB55}.Release|Any CPU.Build.0 = Release|Any CPU
		{358F8F0E-D57E-4670-BBA5-687737730E7F}.Debug|Any CPU.ActiveCfg = Debug|Any CPU
		{358F8F0E-D57E-4670-BBA5-687737730E7F}.Debug|Any CPU.Build.0 = Debug|Any CPU
		{358F8F0E-D57E-4670-BBA5-687737730E7F}.Release|Any CPU.ActiveCfg = Release|Any CPU
		{358F8F0E-D57E-4670-BBA5-687737730E7F}.Release|Any CPU.Build.0 = Release|Any CPU
		{F14FA647-BD96-41F8-903A-5A81AC85378C}.Debug|Any CPU.ActiveCfg = Debug|Any CPU
		{F14FA647-BD96-41F8-903A-5A81AC85378C}.Debug|Any CPU.Build.0 = Debug|Any CPU
		{F14FA647-BD96-41F8-903A-5A81AC85378C}.Release|Any CPU.ActiveCfg = Release|Any CPU
		{F14FA647-BD96-41F8-903A-5A81AC85378C}.Release|Any CPU.Build.0 = Release|Any CPU
		{4723D9AB-FF05-4EB0-9E5F-FF8A9561D513}.Debug|Any CPU.ActiveCfg = Debug|Any CPU
		{4723D9AB-FF05-4EB0-9E5F-FF8A9561D513}.Debug|Any CPU.Build.0 = Debug|Any CPU
		{4723D9AB-FF05-4EB0-9E5F-FF8A9561D513}.Release|Any CPU.ActiveCfg = Release|Any CPU
		{4723D9AB-FF05-4EB0-9E5F-FF8A9561D513}.Release|Any CPU.Build.0 = Release|Any CPU
		{4D08F91F-7DDD-4874-8ED6-448A7862A9EA}.Debug|Any CPU.ActiveCfg = Debug|Any CPU
		{4D08F91F-7DDD-4874-8ED6-448A7862A9EA}.Debug|Any CPU.Build.0 = Debug|Any CPU
		{4D08F91F-7DDD-4874-8ED6-448A7862A9EA}.Release|Any CPU.ActiveCfg = Release|Any CPU
		{4D08F91F-7DDD-4874-8ED6-448A7862A9EA}.Release|Any CPU.Build.0 = Release|Any CPU
	EndGlobalSection
	GlobalSection(NestedProjects) = preSolution
		{92077BFA-922A-40B3-A530-30F37B090537} = {0A119648-FF60-4C35-9369-B256985AA9AE}
		{80B69E58-B0A8-48CF-BF2C-FDB9F7561467} = {0A119648-FF60-4C35-9369-B256985AA9AE}
		{6D035FB7-C02E-4E2F-855D-0C35D58D0E94} = {0A119648-FF60-4C35-9369-B256985AA9AE}
		{F4E65886-2261-4220-82A4-2517DA3FFC34} = {BA60B733-D2EC-40A5-BB94-DAAA07BBE921}
		{4171E6F4-5E09-4C2C-876C-55A6816495B5} = {BA60B733-D2EC-40A5-BB94-DAAA07BBE921}
		{5A5D46A3-B777-40C7-BB1E-637B12ABDEA9} = {BA60B733-D2EC-40A5-BB94-DAAA07BBE921}
		{81765731-0193-4D4B-8B2B-BF8D0E99205F} = {92077BFA-922A-40B3-A530-30F37B090537}
		{036D6593-4E2F-481B-8D31-54E34F9AAB55} = {92077BFA-922A-40B3-A530-30F37B090537}
		{358F8F0E-D57E-4670-BBA5-687737730E7F} = {92077BFA-922A-40B3-A530-30F37B090537}
		{F14FA647-BD96-41F8-903A-5A81AC85378C} = {80B69E58-B0A8-48CF-BF2C-FDB9F7561467}
		{4723D9AB-FF05-4EB0-9E5F-FF8A9561D513} = {80B69E58-B0A8-48CF-BF2C-FDB9F7561467}
		{4D08F91F-7DDD-4874-8ED6-448A7862A9EA} = {80B69E58-B0A8-48CF-BF2C-FDB9F7561467}
	EndGlobalSection
EndGlobal
