
Microsoft Visual Studio Solution File, Format Version 12.00
Project("{FAE04EC0-301F-11D3-BF4B-00C04F79EFBC}") = "Haihv.DatDai.Api", "Haihv.DatDai.Api\Haihv.DatDai.Api.csproj", "{0E1445D4-2037-47F8-9121-03CB89D42823}"
EndProject
Project("{2150E333-8FDC-42A3-9474-1A3956D46DE8}") = "Data", "Data", "{92077BFA-922A-40B3-A530-30F37B090537}"
EndProject
Project("{2150E333-8FDC-42A3-9474-1A3956D46DE8}") = "Services", "Services", "{80B69E58-B0A8-48CF-BF2C-FDB9F7561467}"
EndProject
Project("{FAE04EC0-301F-11D3-BF4B-00C04F79EFBC}") = "Haihv.DatDai.Service.GoogleTranslate", "Haihv.DatDai.Service\Haihv.DatDai.Service.GoogleTranslate\Haihv.DatDai.Service.GoogleTranslate.csproj", "{570666D3-35DD-4F4A-9057-F7CDD270C913}"
EndProject
Project("{FAE04EC0-301F-11D3-BF4B-00C04F79EFBC}") = "Haihv.DatDai.Data.Base", "Haihv.DatDai.Data\Haihv.DatDai.Data.Base\Haihv.DatDai.Data.Base.csproj", "{0BC72FF9-CCF2-4963-8453-CA1340B0141E}"
EndProject
Project("{FAE04EC0-301F-11D3-BF4B-00C04F79EFBC}") = "Haihv.DatDai.Data.DanhMuc", "Haihv.DatDai.Data\Haihv.DatDai.Data.DanhMuc\Haihv.DatDai.Data.DanhMuc.csproj", "{6C11FA72-63BD-4DEC-9764-FA7D42DB0FED}"
EndProject
Project("{FAE04EC0-301F-11D3-BF4B-00C04F79EFBC}") = "Haihv.DatDai.Data.DiaChinh", "Haihv.DatDai.Data\Haihv.DatDai.Data.DiaChinh\Haihv.DatDai.Data.DiaChinh.csproj", "{461AEBE6-9951-4DB3-A0F4-40861CD2CA2B}"
EndProject
Project("{FAE04EC0-301F-11D3-BF4B-00C04F79EFBC}") = "Haihv.DatDai.Service.UpdateDvhc", "Haihv.DatDai.Service\Haihv.DatDai.Service.UpdateDvhc\Haihv.DatDai.Service.UpdateDvhc.csproj", "{2CBCB2C6-7BBA-4F0D-8A50-A0DDBF0D2C42}"
EndProject
Project("{FAE04EC0-301F-11D3-BF4B-00C04F79EFBC}") = "Haihv.DatDai.Service.UpdateQuocTich", "Haihv.DatDai.Service\Haihv.DatDai.Service.UpdateQuocTich\Haihv.DatDai.Service.UpdateQuocTich.csproj", "{2D8E8C1F-2535-4D56-9422-95789A3EDADE}"
EndProject
Project("{FAE04EC0-301F-11D3-BF4B-00C04F79EFBC}") = "Haihv.DatDai.Services.Initialion", "Haihv.DatDai.Service\Haihv.DatDai.Services.Initialion\Haihv.DatDai.Services.Initialion.csproj", "{0F5D9D86-3017-4B84-8F50-5E88759B1B12}"
EndProject
Project("{FAE04EC0-301F-11D3-BF4B-00C04F79EFBC}") = "Haihv.DatDai.IdentityApi", "Haihv.DatDai.IdentityApi\Haihv.DatDai.IdentityApi.csproj", "{5B8B105F-B769-4F2C-9E1E-A1A012B88A25}"
EndProject
Global
	GlobalSection(SolutionConfigurationPlatforms) = preSolution
		Debug|Any CPU = Debug|Any CPU
		Release|Any CPU = Release|Any CPU
	EndGlobalSection
	GlobalSection(ProjectConfigurationPlatforms) = postSolution
		{0E1445D4-2037-47F8-9121-03CB89D42823}.Debug|Any CPU.ActiveCfg = Debug|Any CPU
		{0E1445D4-2037-47F8-9121-03CB89D42823}.Debug|Any CPU.Build.0 = Debug|Any CPU
		{0E1445D4-2037-47F8-9121-03CB89D42823}.Release|Any CPU.ActiveCfg = Release|Any CPU
		{0E1445D4-2037-47F8-9121-03CB89D42823}.Release|Any CPU.Build.0 = Release|Any CPU
		{570666D3-35DD-4F4A-9057-F7CDD270C913}.Debug|Any CPU.ActiveCfg = Debug|Any CPU
		{570666D3-35DD-4F4A-9057-F7CDD270C913}.Debug|Any CPU.Build.0 = Debug|Any CPU
		{570666D3-35DD-4F4A-9057-F7CDD270C913}.Release|Any CPU.ActiveCfg = Release|Any CPU
		{570666D3-35DD-4F4A-9057-F7CDD270C913}.Release|Any CPU.Build.0 = Release|Any CPU
		{0BC72FF9-CCF2-4963-8453-CA1340B0141E}.Debug|Any CPU.ActiveCfg = Debug|Any CPU
		{0BC72FF9-CCF2-4963-8453-CA1340B0141E}.Debug|Any CPU.Build.0 = Debug|Any CPU
		{0BC72FF9-CCF2-4963-8453-CA1340B0141E}.Release|Any CPU.ActiveCfg = Release|Any CPU
		{0BC72FF9-CCF2-4963-8453-CA1340B0141E}.Release|Any CPU.Build.0 = Release|Any CPU
		{6C11FA72-63BD-4DEC-9764-FA7D42DB0FED}.Debug|Any CPU.ActiveCfg = Debug|Any CPU
		{6C11FA72-63BD-4DEC-9764-FA7D42DB0FED}.Debug|Any CPU.Build.0 = Debug|Any CPU
		{6C11FA72-63BD-4DEC-9764-FA7D42DB0FED}.Release|Any CPU.ActiveCfg = Release|Any CPU
		{6C11FA72-63BD-4DEC-9764-FA7D42DB0FED}.Release|Any CPU.Build.0 = Release|Any CPU
		{461AEBE6-9951-4DB3-A0F4-40861CD2CA2B}.Debug|Any CPU.ActiveCfg = Debug|Any CPU
		{461AEBE6-9951-4DB3-A0F4-40861CD2CA2B}.Debug|Any CPU.Build.0 = Debug|Any CPU
		{461AEBE6-9951-4DB3-A0F4-40861CD2CA2B}.Release|Any CPU.ActiveCfg = Release|Any CPU
		{461AEBE6-9951-4DB3-A0F4-40861CD2CA2B}.Release|Any CPU.Build.0 = Release|Any CPU
		{2CBCB2C6-7BBA-4F0D-8A50-A0DDBF0D2C42}.Debug|Any CPU.ActiveCfg = Debug|Any CPU
		{2CBCB2C6-7BBA-4F0D-8A50-A0DDBF0D2C42}.Debug|Any CPU.Build.0 = Debug|Any CPU
		{2CBCB2C6-7BBA-4F0D-8A50-A0DDBF0D2C42}.Release|Any CPU.ActiveCfg = Release|Any CPU
		{2CBCB2C6-7BBA-4F0D-8A50-A0DDBF0D2C42}.Release|Any CPU.Build.0 = Release|Any CPU
		{2D8E8C1F-2535-4D56-9422-95789A3EDADE}.Debug|Any CPU.ActiveCfg = Debug|Any CPU
		{2D8E8C1F-2535-4D56-9422-95789A3EDADE}.Debug|Any CPU.Build.0 = Debug|Any CPU
		{2D8E8C1F-2535-4D56-9422-95789A3EDADE}.Release|Any CPU.ActiveCfg = Release|Any CPU
		{2D8E8C1F-2535-4D56-9422-95789A3EDADE}.Release|Any CPU.Build.0 = Release|Any CPU
		{0F5D9D86-3017-4B84-8F50-5E88759B1B12}.Debug|Any CPU.ActiveCfg = Debug|Any CPU
		{0F5D9D86-3017-4B84-8F50-5E88759B1B12}.Debug|Any CPU.Build.0 = Debug|Any CPU
		{0F5D9D86-3017-4B84-8F50-5E88759B1B12}.Release|Any CPU.ActiveCfg = Release|Any CPU
		{0F5D9D86-3017-4B84-8F50-5E88759B1B12}.Release|Any CPU.Build.0 = Release|Any CPU
		{5B8B105F-B769-4F2C-9E1E-A1A012B88A25}.Debug|Any CPU.ActiveCfg = Debug|Any CPU
		{5B8B105F-B769-4F2C-9E1E-A1A012B88A25}.Debug|Any CPU.Build.0 = Debug|Any CPU
		{5B8B105F-B769-4F2C-9E1E-A1A012B88A25}.Release|Any CPU.ActiveCfg = Release|Any CPU
		{5B8B105F-B769-4F2C-9E1E-A1A012B88A25}.Release|Any CPU.Build.0 = Release|Any CPU
	EndGlobalSection
	GlobalSection(NestedProjects) = preSolution
		{570666D3-35DD-4F4A-9057-F7CDD270C913} = {80B69E58-B0A8-48CF-BF2C-FDB9F7561467}
		{0BC72FF9-CCF2-4963-8453-CA1340B0141E} = {92077BFA-922A-40B3-A530-30F37B090537}
		{6C11FA72-63BD-4DEC-9764-FA7D42DB0FED} = {92077BFA-922A-40B3-A530-30F37B090537}
		{461AEBE6-9951-4DB3-A0F4-40861CD2CA2B} = {92077BFA-922A-40B3-A530-30F37B090537}
		{2CBCB2C6-7BBA-4F0D-8A50-A0DDBF0D2C42} = {80B69E58-B0A8-48CF-BF2C-FDB9F7561467}
		{2D8E8C1F-2535-4D56-9422-95789A3EDADE} = {80B69E58-B0A8-48CF-BF2C-FDB9F7561467}
		{0F5D9D86-3017-4B84-8F50-5E88759B1B12} = {80B69E58-B0A8-48CF-BF2C-FDB9F7561467}
	EndGlobalSection
EndGlobal
