
Microsoft Visual Studio Solution File, Format Version 12.00
# Visual Studio Version 17
VisualStudioVersion = 17.12.35514.174 d17.12
MinimumVisualStudioVersion = 10.0.40219.1
Project("{2150E333-8FDC-42A3-9474-1A3956D46DE8}") = "App", "App", "{08D1D541-B3F3-44AC-852C-018ED0F83B48}"
EndProject
Project("{2150E333-8FDC-42A3-9474-1A3956D46DE8}") = "Lib", "Lib", "{FF82D1AD-F03C-4A08-B67C-8D760DFED3B1}"
EndProject
Project("{2150E333-8FDC-42A3-9474-1A3956D46DE8}") = "Extensions", "Extensions", "{B7820259-D148-4674-A483-CA0F976EC670}"
EndProject
Project("{2150E333-8FDC-42A3-9474-1A3956D46DE8}") = "Login", "Login", "{A5083C40-89C4-4287-8E25-ED08F91BCC0F}"
EndProject
Project("{2150E333-8FDC-42A3-9474-1A3956D46DE8}") = "Data", "Data", "{88D5DCC1-4AD6-4F67-A147-1A117EBAD8F1}"
EndProject
Project("{2150E333-8FDC-42A3-9474-1A3956D46DE8}") = "Configuration", "Configuration", "{E5B77219-26AB-451F-A2EF-8C67B86D062C}"
EndProject
Project("{FAE04EC0-301F-11D3-BF4B-00C04F79EFBC}") = "Haihv.DatDai.Lib.Extension.Configuration", "Haihv.DatDai.Lib.Extension.Configuration\Haihv.DatDai.Lib.Extension.Configuration.csproj", "{DE72C420-FA2D-4686-A18F-FC6C045503FC}"
EndProject
Project("{2150E333-8FDC-42A3-9474-1A3956D46DE8}") = "Logger", "Logger", "{CA198E7A-B13B-42C0-B743-128446D28248}"
EndProject
Project("{2150E333-8FDC-42A3-9474-1A3956D46DE8}") = "Elastic", "Elastic", "{E4DBEB9B-4A2B-4F60-9B02-E0918DE4488A}"
EndProject
Project("{FAE04EC0-301F-11D3-BF4B-00C04F79EFBC}") = "Haihv.DatDai.Lib.Extension.Logger.Elasticsearch", "Haihv.DatDai.Lib.Extension.Logger.Elasticsearch\Haihv.DatDai.Lib.Extension.Logger.Elasticsearch.csproj", "{898F0454-A9B6-498F-A75F-3D5FC07E293A}"
EndProject
Project("{FAE04EC0-301F-11D3-BF4B-00C04F79EFBC}") = "Haihv.DatDai.Lib.Extension.Logger.Elasticsearch.HostApp", "Haihv.DatDai.Lib.Extension.Logger.Elasticsearch.HostApp\Haihv.DatDai.Lib.Extension.Logger.Elasticsearch.HostApp.csproj", "{C2A876FC-66CF-427C-AD69-2C64A0E65BDD}"
EndProject
Project("{FAE04EC0-301F-11D3-BF4B-00C04F79EFBC}") = "Haihv.DatDai.Lib.Extension.Logger.Elasticsearch.WebApp", "Haihv.DatDai.Lib.Extension.Logger.Elasticsearch.WebApp\Haihv.DatDai.Lib.Extension.Logger.Elasticsearch.WebApp.csproj", "{775F4AA1-BCFD-49C6-9BEB-594E38723D17}"
EndProject
Project("{FAE04EC0-301F-11D3-BF4B-00C04F79EFBC}") = "Haihv.DatDai.Lib.Data.Base", "Haihv.DatDai.Lib.Data.Base\Haihv.DatDai.Lib.Data.Base.csproj", "{7F0C510F-554B-407F-A8DF-BCC184A5BF3D}"
EndProject
Project("{FAE04EC0-301F-11D3-BF4B-00C04F79EFBC}") = "Haihv.DatDai.Lib.Data.ChuSuDung", "Haihv.DatDai.Lib.Data.ChuSuDung\Haihv.DatDai.Lib.Data.ChuSuDung.csproj", "{F1B269D2-522F-4AFD-A9B8-1EABFD8C3C05}"
EndProject
Project("{FAE04EC0-301F-11D3-BF4B-00C04F79EFBC}") = "Haihv.DatDai.Lib.Data.DiaChinh", "Haihv.DatDai.Lib.Data.DiaChinh\Haihv.DatDai.Lib.Data.DiaChinh.csproj", "{CEB4CF04-F047-4CDA-8DE4-8E5E829184E3}"
EndProject
Project("{2150E333-8FDC-42A3-9474-1A3956D46DE8}") = "Identity", "Identity", "{BD0C5C9F-C54A-46A0-937B-ED028CCD3A72}"
EndProject
Project("{FAE04EC0-301F-11D3-BF4B-00C04F79EFBC}") = "Haihv.DatDai.Lib.Identity.Ldap", "Haihv.DatDai.Lib.Identity.Ldap\Haihv.DatDai.Lib.Identity.Ldap.csproj", "{F35E9C51-9060-4F0F-9E60-51A580A9299B}"
EndProject
Project("{FAE04EC0-301F-11D3-BF4B-00C04F79EFBC}") = "Haihv.DatDai.Lib.Identity.Data", "Haihv.DatDai.Lib.Identity.Data\Haihv.DatDai.Lib.Identity.Data.csproj", "{3A805650-364F-4586-9152-29F695843FD2}"
EndProject
Project("{2150E333-8FDC-42A3-9474-1A3956D46DE8}") = "Model", "Model", "{B5531B6D-D23F-48E1-A7E5-D3721C47C487}"
EndProject
Project("{FAE04EC0-301F-11D3-BF4B-00C04F79EFBC}") = "Haihv.DatDai.Lib.Model.Request.Identity", "Haihv.DatDai.Lib.Model.Request.Identity\Haihv.DatDai.Lib.Model.Request.Identity.csproj", "{96C8A873-ABD8-40D1-9EA6-CC06A7CD70F4}"
EndProject
Project("{2150E333-8FDC-42A3-9474-1A3956D46DE8}") = "Services", "Services", "{E2A7218D-E691-4DE0-B2C1-39143F5CF4C0}"
EndProject
Project("{FAE04EC0-301F-11D3-BF4B-00C04F79EFBC}") = "Haihv.DatDai.Lib.Service.DbUp.PostgreSQL", "Haihv.DatDai.Lib.Service.DbUp.PostgreSQL\Haihv.DatDai.Lib.Service.DbUp.PostgreSQL.csproj", "{D291B988-0119-40C3-BCDC-34BCC04CECC3}"
EndProject
Project("{FAE04EC0-301F-11D3-BF4B-00C04F79EFBC}") = "Haihv.DatDai.Lib.Service.DvhcUpdate", "Haihv.DatDai.Lib.Service.DvhcUpdate\Haihv.DatDai.Lib.Service.DvhcUpdate.csproj", "{B7B1BCE7-5587-476C-8E94-16D71BCC7855}"
EndProject
Project("{FAE04EC0-301F-11D3-BF4B-00C04F79EFBC}") = "Haihv.DatDai.Lib.Data.DanhMuc", "Haihv.DatDai.Lib.Data.DanhMuc\Haihv.DatDai.Lib.Data.DanhMuc.csproj", "{1BFAFB95-94D8-4664-8653-3F686162FFE3}"
EndProject
Project("{FAE04EC0-301F-11D3-BF4B-00C04F79EFBC}") = "Haihv.DatDai.Lib.Service.GoogleTranslate", "Haihv.DatDai.Lib.Service.GoogleTranslate\Haihv.DatDai.Lib.Service.GoogleTranslate.csproj", "{07EC7D8B-382B-450A-A3FD-B7A8B6C223EE}"
EndProject
Project("{FAE04EC0-301F-11D3-BF4B-00C04F79EFBC}") = "Haihv.DatDai.Lib.Service.QuocTichUpdate", "Haihv.DatDai.Lib.Service.QuocTichUpdate\Haihv.DatDai.Lib.Service.QuocTichUpdate.csproj", "{83858F9C-BD3B-4BAD-8000-E492E3E470BE}"
EndProject
Project("{2150E333-8FDC-42A3-9474-1A3956D46DE8}") = "Api", "Api", "{413433F7-7ED9-4D28-89D1-12DDBB9B9F9D}"
EndProject
Project("{2150E333-8FDC-42A3-9474-1A3956D46DE8}") = "Background", "Background", "{9BB0061A-2783-4FD9-909E-B4EB57CDF6E2}"
EndProject
Project("{FAE04EC0-301F-11D3-BF4B-00C04F79EFBC}") = "Haihv.DatDai.App.Background.Initiation", "Haihv.DatDai.App.Background.Initiation\Haihv.DatDai.App.Background.Initiation.csproj", "{1CCD1290-5238-46E4-AD31-F32E3156BA63}"
EndProject
Project("{FAE04EC0-301F-11D3-BF4B-00C04F79EFBC}") = "Haihv.DatDai.Lib.Extension.Login.Ldap", "Haihv.DatDai.Lib.Extension.Login.Ldap\Haihv.DatDai.Lib.Extension.Login.Ldap.csproj", "{EDB2DA52-ED9C-4F03-9572-460CF96FC5B4}"
EndProject
Project("{2150E333-8FDC-42A3-9474-1A3956D46DE8}") = "Aspire", "Aspire", "{2C7A4D5D-8A59-4288-B015-EF645863054F}"
EndProject
Project("{FAE04EC0-301F-11D3-BF4B-00C04F79EFBC}") = "Haihv.DatDai.Aspire.ServiceDefault", "Haihv.DatDai.Aspire.ServiceDefault\Haihv.DatDai.Aspire.ServiceDefault.csproj", "{642A942A-7FA5-4DF9-AC1E-F0F5CA12D598}"
EndProject
Project("{FAE04EC0-301F-11D3-BF4B-00C04F79EFBC}") = "Haihv.DatDa.App.Api.Identity", "Haihv.DatDa.App.Api.Identity\Haihv.DatDa.App.Api.Identity.csproj", "{29693C1A-1049-4432-84B1-72E66298BC6A}"
EndProject
Project("{2150E333-8FDC-42A3-9474-1A3956D46DE8}") = "Web", "Web", "{954B9494-C3C6-4A9A-954F-10147A4777F9}"
EndProject
Project("{FAE04EC0-301F-11D3-BF4B-00C04F79EFBC}") = "Haihv.DatDai.App.Web.Client", "Haihv.DatDai.App.Web\Haihv.DatDai.App.Web.Client\Haihv.DatDai.App.Web.Client.csproj", "{19F41BE8-5995-4D78-84A8-D4E3AB27E95A}"
EndProject
Project("{FAE04EC0-301F-11D3-BF4B-00C04F79EFBC}") = "Haihv.DatDai.App.Web", "Haihv.DatDai.App.Web\Haihv.DatDai.App.Web\Haihv.DatDai.App.Web.csproj", "{496D3130-2E8C-42FC-873F-6DE1E80666DE}"
EndProject
Project("{FAE04EC0-301F-11D3-BF4B-00C04F79EFBC}") = "Haihv.DatDai.Aspire.Host", "Haihv.DatDai.Aspire.Host\Haihv.DatDai.Aspire.Host.csproj", "{16EEFBA9-B1B0-4205-AAD5-090D0FACA1AF}"
EndProject
Project("{FAE04EC0-301F-11D3-BF4B-00C04F79EFBC}") = "Haihv.DatDai.App.Api.DiaChinh", "Haihv.DatDai.App.Api.DiaChinh\Haihv.DatDai.App.Api.DiaChinh.csproj", "{B74CDE34-FE9C-4FEA-AC07-163A30E5E454}"
EndProject
Project("{2150E333-8FDC-42A3-9474-1A3956D46DE8}") = "Request", "Request", "{62CA8C4C-6956-4C54-AE97-9048FD9EC1B1}"
EndProject
Global
	GlobalSection(SolutionConfigurationPlatforms) = preSolution
		Debug|Any CPU = Debug|Any CPU
		Release|Any CPU = Release|Any CPU
	EndGlobalSection
	GlobalSection(ProjectConfigurationPlatforms) = postSolution
		{DE72C420-FA2D-4686-A18F-FC6C045503FC}.Debug|Any CPU.ActiveCfg = Debug|Any CPU
		{DE72C420-FA2D-4686-A18F-FC6C045503FC}.Debug|Any CPU.Build.0 = Debug|Any CPU
		{DE72C420-FA2D-4686-A18F-FC6C045503FC}.Release|Any CPU.ActiveCfg = Release|Any CPU
		{DE72C420-FA2D-4686-A18F-FC6C045503FC}.Release|Any CPU.Build.0 = Release|Any CPU
		{898F0454-A9B6-498F-A75F-3D5FC07E293A}.Debug|Any CPU.ActiveCfg = Debug|Any CPU
		{898F0454-A9B6-498F-A75F-3D5FC07E293A}.Debug|Any CPU.Build.0 = Debug|Any CPU
		{898F0454-A9B6-498F-A75F-3D5FC07E293A}.Release|Any CPU.ActiveCfg = Release|Any CPU
		{898F0454-A9B6-498F-A75F-3D5FC07E293A}.Release|Any CPU.Build.0 = Release|Any CPU
		{C2A876FC-66CF-427C-AD69-2C64A0E65BDD}.Debug|Any CPU.ActiveCfg = Debug|Any CPU
		{C2A876FC-66CF-427C-AD69-2C64A0E65BDD}.Debug|Any CPU.Build.0 = Debug|Any CPU
		{C2A876FC-66CF-427C-AD69-2C64A0E65BDD}.Release|Any CPU.ActiveCfg = Release|Any CPU
		{C2A876FC-66CF-427C-AD69-2C64A0E65BDD}.Release|Any CPU.Build.0 = Release|Any CPU
		{775F4AA1-BCFD-49C6-9BEB-594E38723D17}.Debug|Any CPU.ActiveCfg = Debug|Any CPU
		{775F4AA1-BCFD-49C6-9BEB-594E38723D17}.Debug|Any CPU.Build.0 = Debug|Any CPU
		{775F4AA1-BCFD-49C6-9BEB-594E38723D17}.Release|Any CPU.ActiveCfg = Release|Any CPU
		{775F4AA1-BCFD-49C6-9BEB-594E38723D17}.Release|Any CPU.Build.0 = Release|Any CPU
		{7F0C510F-554B-407F-A8DF-BCC184A5BF3D}.Debug|Any CPU.ActiveCfg = Debug|Any CPU
		{7F0C510F-554B-407F-A8DF-BCC184A5BF3D}.Debug|Any CPU.Build.0 = Debug|Any CPU
		{7F0C510F-554B-407F-A8DF-BCC184A5BF3D}.Release|Any CPU.ActiveCfg = Release|Any CPU
		{7F0C510F-554B-407F-A8DF-BCC184A5BF3D}.Release|Any CPU.Build.0 = Release|Any CPU
		{F1B269D2-522F-4AFD-A9B8-1EABFD8C3C05}.Debug|Any CPU.ActiveCfg = Debug|Any CPU
		{F1B269D2-522F-4AFD-A9B8-1EABFD8C3C05}.Debug|Any CPU.Build.0 = Debug|Any CPU
		{F1B269D2-522F-4AFD-A9B8-1EABFD8C3C05}.Release|Any CPU.ActiveCfg = Release|Any CPU
		{F1B269D2-522F-4AFD-A9B8-1EABFD8C3C05}.Release|Any CPU.Build.0 = Release|Any CPU
		{CEB4CF04-F047-4CDA-8DE4-8E5E829184E3}.Debug|Any CPU.ActiveCfg = Debug|Any CPU
		{CEB4CF04-F047-4CDA-8DE4-8E5E829184E3}.Debug|Any CPU.Build.0 = Debug|Any CPU
		{CEB4CF04-F047-4CDA-8DE4-8E5E829184E3}.Release|Any CPU.ActiveCfg = Release|Any CPU
		{CEB4CF04-F047-4CDA-8DE4-8E5E829184E3}.Release|Any CPU.Build.0 = Release|Any CPU
		{F35E9C51-9060-4F0F-9E60-51A580A9299B}.Debug|Any CPU.ActiveCfg = Debug|Any CPU
		{F35E9C51-9060-4F0F-9E60-51A580A9299B}.Debug|Any CPU.Build.0 = Debug|Any CPU
		{F35E9C51-9060-4F0F-9E60-51A580A9299B}.Release|Any CPU.ActiveCfg = Release|Any CPU
		{F35E9C51-9060-4F0F-9E60-51A580A9299B}.Release|Any CPU.Build.0 = Release|Any CPU
		{3A805650-364F-4586-9152-29F695843FD2}.Debug|Any CPU.ActiveCfg = Debug|Any CPU
		{3A805650-364F-4586-9152-29F695843FD2}.Debug|Any CPU.Build.0 = Debug|Any CPU
		{3A805650-364F-4586-9152-29F695843FD2}.Release|Any CPU.ActiveCfg = Release|Any CPU
		{3A805650-364F-4586-9152-29F695843FD2}.Release|Any CPU.Build.0 = Release|Any CPU
		{96C8A873-ABD8-40D1-9EA6-CC06A7CD70F4}.Debug|Any CPU.ActiveCfg = Debug|Any CPU
		{96C8A873-ABD8-40D1-9EA6-CC06A7CD70F4}.Debug|Any CPU.Build.0 = Debug|Any CPU
		{96C8A873-ABD8-40D1-9EA6-CC06A7CD70F4}.Release|Any CPU.ActiveCfg = Release|Any CPU
		{96C8A873-ABD8-40D1-9EA6-CC06A7CD70F4}.Release|Any CPU.Build.0 = Release|Any CPU
		{D291B988-0119-40C3-BCDC-34BCC04CECC3}.Debug|Any CPU.ActiveCfg = Debug|Any CPU
		{D291B988-0119-40C3-BCDC-34BCC04CECC3}.Debug|Any CPU.Build.0 = Debug|Any CPU
		{D291B988-0119-40C3-BCDC-34BCC04CECC3}.Release|Any CPU.ActiveCfg = Release|Any CPU
		{D291B988-0119-40C3-BCDC-34BCC04CECC3}.Release|Any CPU.Build.0 = Release|Any CPU
		{B7B1BCE7-5587-476C-8E94-16D71BCC7855}.Debug|Any CPU.ActiveCfg = Debug|Any CPU
		{B7B1BCE7-5587-476C-8E94-16D71BCC7855}.Debug|Any CPU.Build.0 = Debug|Any CPU
		{B7B1BCE7-5587-476C-8E94-16D71BCC7855}.Release|Any CPU.ActiveCfg = Release|Any CPU
		{B7B1BCE7-5587-476C-8E94-16D71BCC7855}.Release|Any CPU.Build.0 = Release|Any CPU
		{1BFAFB95-94D8-4664-8653-3F686162FFE3}.Debug|Any CPU.ActiveCfg = Debug|Any CPU
		{1BFAFB95-94D8-4664-8653-3F686162FFE3}.Debug|Any CPU.Build.0 = Debug|Any CPU
		{1BFAFB95-94D8-4664-8653-3F686162FFE3}.Release|Any CPU.ActiveCfg = Release|Any CPU
		{1BFAFB95-94D8-4664-8653-3F686162FFE3}.Release|Any CPU.Build.0 = Release|Any CPU
		{07EC7D8B-382B-450A-A3FD-B7A8B6C223EE}.Debug|Any CPU.ActiveCfg = Debug|Any CPU
		{07EC7D8B-382B-450A-A3FD-B7A8B6C223EE}.Debug|Any CPU.Build.0 = Debug|Any CPU
		{07EC7D8B-382B-450A-A3FD-B7A8B6C223EE}.Release|Any CPU.ActiveCfg = Release|Any CPU
		{07EC7D8B-382B-450A-A3FD-B7A8B6C223EE}.Release|Any CPU.Build.0 = Release|Any CPU
		{83858F9C-BD3B-4BAD-8000-E492E3E470BE}.Debug|Any CPU.ActiveCfg = Debug|Any CPU
		{83858F9C-BD3B-4BAD-8000-E492E3E470BE}.Debug|Any CPU.Build.0 = Debug|Any CPU
		{83858F9C-BD3B-4BAD-8000-E492E3E470BE}.Release|Any CPU.ActiveCfg = Release|Any CPU
		{83858F9C-BD3B-4BAD-8000-E492E3E470BE}.Release|Any CPU.Build.0 = Release|Any CPU
		{1CCD1290-5238-46E4-AD31-F32E3156BA63}.Debug|Any CPU.ActiveCfg = Debug|Any CPU
		{1CCD1290-5238-46E4-AD31-F32E3156BA63}.Debug|Any CPU.Build.0 = Debug|Any CPU
		{1CCD1290-5238-46E4-AD31-F32E3156BA63}.Release|Any CPU.ActiveCfg = Release|Any CPU
		{1CCD1290-5238-46E4-AD31-F32E3156BA63}.Release|Any CPU.Build.0 = Release|Any CPU
		{EDB2DA52-ED9C-4F03-9572-460CF96FC5B4}.Debug|Any CPU.ActiveCfg = Debug|Any CPU
		{EDB2DA52-ED9C-4F03-9572-460CF96FC5B4}.Debug|Any CPU.Build.0 = Debug|Any CPU
		{EDB2DA52-ED9C-4F03-9572-460CF96FC5B4}.Release|Any CPU.ActiveCfg = Release|Any CPU
		{EDB2DA52-ED9C-4F03-9572-460CF96FC5B4}.Release|Any CPU.Build.0 = Release|Any CPU
		{642A942A-7FA5-4DF9-AC1E-F0F5CA12D598}.Debug|Any CPU.ActiveCfg = Debug|Any CPU
		{642A942A-7FA5-4DF9-AC1E-F0F5CA12D598}.Debug|Any CPU.Build.0 = Debug|Any CPU
		{642A942A-7FA5-4DF9-AC1E-F0F5CA12D598}.Release|Any CPU.ActiveCfg = Release|Any CPU
		{642A942A-7FA5-4DF9-AC1E-F0F5CA12D598}.Release|Any CPU.Build.0 = Release|Any CPU
		{29693C1A-1049-4432-84B1-72E66298BC6A}.Debug|Any CPU.ActiveCfg = Debug|Any CPU
		{29693C1A-1049-4432-84B1-72E66298BC6A}.Debug|Any CPU.Build.0 = Debug|Any CPU
		{29693C1A-1049-4432-84B1-72E66298BC6A}.Release|Any CPU.ActiveCfg = Release|Any CPU
		{29693C1A-1049-4432-84B1-72E66298BC6A}.Release|Any CPU.Build.0 = Release|Any CPU
		{19F41BE8-5995-4D78-84A8-D4E3AB27E95A}.Debug|Any CPU.ActiveCfg = Debug|Any CPU
		{19F41BE8-5995-4D78-84A8-D4E3AB27E95A}.Debug|Any CPU.Build.0 = Debug|Any CPU
		{19F41BE8-5995-4D78-84A8-D4E3AB27E95A}.Release|Any CPU.ActiveCfg = Release|Any CPU
		{19F41BE8-5995-4D78-84A8-D4E3AB27E95A}.Release|Any CPU.Build.0 = Release|Any CPU
		{496D3130-2E8C-42FC-873F-6DE1E80666DE}.Debug|Any CPU.ActiveCfg = Debug|Any CPU
		{496D3130-2E8C-42FC-873F-6DE1E80666DE}.Debug|Any CPU.Build.0 = Debug|Any CPU
		{496D3130-2E8C-42FC-873F-6DE1E80666DE}.Release|Any CPU.ActiveCfg = Release|Any CPU
		{496D3130-2E8C-42FC-873F-6DE1E80666DE}.Release|Any CPU.Build.0 = Release|Any CPU
		{16EEFBA9-B1B0-4205-AAD5-090D0FACA1AF}.Debug|Any CPU.ActiveCfg = Debug|Any CPU
		{16EEFBA9-B1B0-4205-AAD5-090D0FACA1AF}.Debug|Any CPU.Build.0 = Debug|Any CPU
		{16EEFBA9-B1B0-4205-AAD5-090D0FACA1AF}.Release|Any CPU.ActiveCfg = Release|Any CPU
		{16EEFBA9-B1B0-4205-AAD5-090D0FACA1AF}.Release|Any CPU.Build.0 = Release|Any CPU
		{B74CDE34-FE9C-4FEA-AC07-163A30E5E454}.Debug|Any CPU.ActiveCfg = Debug|Any CPU
		{B74CDE34-FE9C-4FEA-AC07-163A30E5E454}.Debug|Any CPU.Build.0 = Debug|Any CPU
		{B74CDE34-FE9C-4FEA-AC07-163A30E5E454}.Release|Any CPU.ActiveCfg = Release|Any CPU
		{B74CDE34-FE9C-4FEA-AC07-163A30E5E454}.Release|Any CPU.Build.0 = Release|Any CPU
	EndGlobalSection
	GlobalSection(SolutionProperties) = preSolution
		HideSolutionNode = FALSE
	EndGlobalSection
	GlobalSection(NestedProjects) = preSolution
		{B7820259-D148-4674-A483-CA0F976EC670} = {FF82D1AD-F03C-4A08-B67C-8D760DFED3B1}
		{A5083C40-89C4-4287-8E25-ED08F91BCC0F} = {B7820259-D148-4674-A483-CA0F976EC670}
		{88D5DCC1-4AD6-4F67-A147-1A117EBAD8F1} = {FF82D1AD-F03C-4A08-B67C-8D760DFED3B1}
		{E5B77219-26AB-451F-A2EF-8C67B86D062C} = {B7820259-D148-4674-A483-CA0F976EC670}
		{DE72C420-FA2D-4686-A18F-FC6C045503FC} = {E5B77219-26AB-451F-A2EF-8C67B86D062C}
		{CA198E7A-B13B-42C0-B743-128446D28248} = {B7820259-D148-4674-A483-CA0F976EC670}
		{E4DBEB9B-4A2B-4F60-9B02-E0918DE4488A} = {CA198E7A-B13B-42C0-B743-128446D28248}
		{898F0454-A9B6-498F-A75F-3D5FC07E293A} = {E4DBEB9B-4A2B-4F60-9B02-E0918DE4488A}
		{C2A876FC-66CF-427C-AD69-2C64A0E65BDD} = {E4DBEB9B-4A2B-4F60-9B02-E0918DE4488A}
		{775F4AA1-BCFD-49C6-9BEB-594E38723D17} = {E4DBEB9B-4A2B-4F60-9B02-E0918DE4488A}
		{7F0C510F-554B-407F-A8DF-BCC184A5BF3D} = {88D5DCC1-4AD6-4F67-A147-1A117EBAD8F1}
		{F1B269D2-522F-4AFD-A9B8-1EABFD8C3C05} = {88D5DCC1-4AD6-4F67-A147-1A117EBAD8F1}
		{CEB4CF04-F047-4CDA-8DE4-8E5E829184E3} = {88D5DCC1-4AD6-4F67-A147-1A117EBAD8F1}
		{BD0C5C9F-C54A-46A0-937B-ED028CCD3A72} = {FF82D1AD-F03C-4A08-B67C-8D760DFED3B1}
		{F35E9C51-9060-4F0F-9E60-51A580A9299B} = {BD0C5C9F-C54A-46A0-937B-ED028CCD3A72}
		{3A805650-364F-4586-9152-29F695843FD2} = {BD0C5C9F-C54A-46A0-937B-ED028CCD3A72}
		{E2A7218D-E691-4DE0-B2C1-39143F5CF4C0} = {FF82D1AD-F03C-4A08-B67C-8D760DFED3B1}
		{D291B988-0119-40C3-BCDC-34BCC04CECC3} = {E2A7218D-E691-4DE0-B2C1-39143F5CF4C0}
		{B7B1BCE7-5587-476C-8E94-16D71BCC7855} = {E2A7218D-E691-4DE0-B2C1-39143F5CF4C0}
		{1BFAFB95-94D8-4664-8653-3F686162FFE3} = {88D5DCC1-4AD6-4F67-A147-1A117EBAD8F1}
		{07EC7D8B-382B-450A-A3FD-B7A8B6C223EE} = {E2A7218D-E691-4DE0-B2C1-39143F5CF4C0}
		{83858F9C-BD3B-4BAD-8000-E492E3E470BE} = {E2A7218D-E691-4DE0-B2C1-39143F5CF4C0}
		{413433F7-7ED9-4D28-89D1-12DDBB9B9F9D} = {08D1D541-B3F3-44AC-852C-018ED0F83B48}
		{9BB0061A-2783-4FD9-909E-B4EB57CDF6E2} = {08D1D541-B3F3-44AC-852C-018ED0F83B48}
		{1CCD1290-5238-46E4-AD31-F32E3156BA63} = {9BB0061A-2783-4FD9-909E-B4EB57CDF6E2}
		{EDB2DA52-ED9C-4F03-9572-460CF96FC5B4} = {A5083C40-89C4-4287-8E25-ED08F91BCC0F}
		{642A942A-7FA5-4DF9-AC1E-F0F5CA12D598} = {2C7A4D5D-8A59-4288-B015-EF645863054F}
		{29693C1A-1049-4432-84B1-72E66298BC6A} = {413433F7-7ED9-4D28-89D1-12DDBB9B9F9D}
		{954B9494-C3C6-4A9A-954F-10147A4777F9} = {08D1D541-B3F3-44AC-852C-018ED0F83B48}
		{19F41BE8-5995-4D78-84A8-D4E3AB27E95A} = {954B9494-C3C6-4A9A-954F-10147A4777F9}
		{496D3130-2E8C-42FC-873F-6DE1E80666DE} = {954B9494-C3C6-4A9A-954F-10147A4777F9}
		{16EEFBA9-B1B0-4205-AAD5-090D0FACA1AF} = {2C7A4D5D-8A59-4288-B015-EF645863054F}
		{B74CDE34-FE9C-4FEA-AC07-163A30E5E454} = {413433F7-7ED9-4D28-89D1-12DDBB9B9F9D}
		{B5531B6D-D23F-48E1-A7E5-D3721C47C487} = {FF82D1AD-F03C-4A08-B67C-8D760DFED3B1}
		{62CA8C4C-6956-4C54-AE97-9048FD9EC1B1} = {B5531B6D-D23F-48E1-A7E5-D3721C47C487}
		{96C8A873-ABD8-40D1-9EA6-CC06A7CD70F4} = {62CA8C4C-6956-4C54-AE97-9048FD9EC1B1}
	EndGlobalSection
EndGlobal
